
Microsoft Visual Studio Solution File, Format Version 12.00
# Visual Studio Version 17
VisualStudioVersion = 17.4.33205.214
MinimumVisualStudioVersion = 10.0.40219.1
Project("{9A19103F-16F7-4668-BE54-9A1E7A4F7556}") = "ZCC.Server", "..\ZCC.Server\ZCC.Server.csproj", "{0A5F544D-EC51-4972-AF44-035CE8C677A8}"
EndProject
Project("{FAE04EC0-301F-11D3-BF4B-00C04F79EFBC}") = "ZCC.Models", "..\ZCC.Models\ZCC.Models.csproj", "{42168525-82C8-48B7-B052-9B816AFB4D71}"
EndProject
Project("{FAE04EC0-301F-11D3-BF4B-00C04F79EFBC}") = "ZCC.DAL", "..\ZCC.DAL\ZCC.DAL.csproj", "{402C955A-B05C-430D-B965-24D277C7C444}"
EndProject
Project("{FAE04EC0-301F-11D3-BF4B-00C04F79EFBC}") = "ZCC.Entities", "..\ZCC.Entities\ZCC.Entities.csproj", "{A8F0D371-3C26-4ECF-BD7F-AA3C5F814EE6}"
EndProject
Project("{FAE04EC0-301F-11D3-BF4B-00C04F79EFBC}") = "ZCC.Data.Sql", "..\ZCC.Data.Sql\ZCC.Data.Sql.csproj", "{02DC6DED-C973-4700-9D66-974540971780}"
EndProject
Global
	GlobalSection(SolutionConfigurationPlatforms) = preSolution
		Debug|Any CPU = Debug|Any CPU
		Release|Any CPU = Release|Any CPU
	EndGlobalSection
	GlobalSection(ProjectConfigurationPlatforms) = postSolution
		{0A5F544D-EC51-4972-AF44-035CE8C677A8}.Debug|Any CPU.ActiveCfg = Debug|Any CPU
		{0A5F544D-EC51-4972-AF44-035CE8C677A8}.Debug|Any CPU.Build.0 = Debug|Any CPU
		{0A5F544D-EC51-4972-AF44-035CE8C677A8}.Release|Any CPU.ActiveCfg = Release|Any CPU
		{0A5F544D-EC51-4972-AF44-035CE8C677A8}.Release|Any CPU.Build.0 = Release|Any CPU
		{42168525-82C8-48B7-B052-9B816AFB4D71}.Debug|Any CPU.ActiveCfg = Debug|Any CPU
		{42168525-82C8-48B7-B052-9B816AFB4D71}.Debug|Any CPU.Build.0 = Debug|Any CPU
		{42168525-82C8-48B7-B052-9B816AFB4D71}.Release|Any CPU.ActiveCfg = Release|Any CPU
		{42168525-82C8-48B7-B052-9B816AFB4D71}.Release|Any CPU.Build.0 = Release|Any CPU
		{402C955A-B05C-430D-B965-24D277C7C444}.Debug|Any CPU.ActiveCfg = Debug|Any CPU
		{402C955A-B05C-430D-B965-24D277C7C444}.Debug|Any CPU.Build.0 = Debug|Any CPU
		{402C955A-B05C-430D-B965-24D277C7C444}.Release|Any CPU.ActiveCfg = Release|Any CPU
		{402C955A-B05C-430D-B965-24D277C7C444}.Release|Any CPU.Build.0 = Release|Any CPU
		{A8F0D371-3C26-4ECF-BD7F-AA3C5F814EE6}.Debug|Any CPU.ActiveCfg = Debug|Any CPU
		{A8F0D371-3C26-4ECF-BD7F-AA3C5F814EE6}.Debug|Any CPU.Build.0 = Debug|Any CPU
		{A8F0D371-3C26-4ECF-BD7F-AA3C5F814EE6}.Release|Any CPU.ActiveCfg = Release|Any CPU
		{A8F0D371-3C26-4ECF-BD7F-AA3C5F814EE6}.Release|Any CPU.Build.0 = Release|Any CPU
		{02DC6DED-C973-4700-9D66-974540971780}.Debug|Any CPU.ActiveCfg = Debug|Any CPU
		{02DC6DED-C973-4700-9D66-974540971780}.Debug|Any CPU.Build.0 = Debug|Any CPU
		{02DC6DED-C973-4700-9D66-974540971780}.Release|Any CPU.ActiveCfg = Release|Any CPU
		{02DC6DED-C973-4700-9D66-974540971780}.Release|Any CPU.Build.0 = Release|Any CPU
	EndGlobalSection
	GlobalSection(SolutionProperties) = preSolution
		HideSolutionNode = FALSE
	EndGlobalSection
	GlobalSection(ExtensibilityGlobals) = postSolution
		SolutionGuid = {D9B0F755-A148-460B-A8BA-9FA5C5D9D6EA}
	EndGlobalSection
EndGlobal
